
Microsoft Visual Studio Solution File, Format Version 11.00
# Visual Studio 2010
Project("{FAE04EC0-301F-11D3-BF4B-00C04F79EFBC}") = "Sample Project", "Assembly-CSharp.csproj", "{FBEFF438-CF09-806E-301C-7BEAF1E8F720}"
EndProject
Global
	GlobalSection(SolutionConfigurationPlatforms) = preSolution
		Debug|Any CPU = Debug|Any CPU
		Release|Any CPU = Release|Any CPU
	EndGlobalSection
	GlobalSection(ProjectConfigurationPlatforms) = postSolution
		{FBEFF438-CF09-806E-301C-7BEAF1E8F720}.Debug|Any CPU.ActiveCfg = Debug|Any CPU
		{FBEFF438-CF09-806E-301C-7BEAF1E8F720}.Debug|Any CPU.Build.0 = Debug|Any CPU
		{FBEFF438-CF09-806E-301C-7BEAF1E8F720}.Release|Any CPU.ActiveCfg = Release|Any CPU
		{FBEFF438-CF09-806E-301C-7BEAF1E8F720}.Release|Any CPU.Build.0 = Release|Any CPU
	EndGlobalSection
	GlobalSection(SolutionProperties) = preSolution
		HideSolutionNode = FALSE
	EndGlobalSection
	GlobalSection(MonoDevelopProperties) = preSolution
		StartupItem = Assembly-CSharp.csproj
	EndGlobalSection
EndGlobal
